# THIS IS AN AUTOGENERATED FILE. DO NOT EDIT THIS FILE DIRECTLY.
# yarn lockfile v1


light-date@^1.1.2:
  version "1.1.2"
  resolved "https://registry.yarnpkg.com/light-date/-/light-date-1.1.2.tgz#4a0d752a59f9d34f7c98fe7c26a3a0c507929b7c"
  integrity sha512-Rj30E1Dgs1Tj2EagKI5ZqKHBluCKO0y8IKi6KN+OteQelylUF2pFC/UoksfO+0VU6CCK3AozXQxeIfkDzghxwQ==

typescript@^4.0.2:
  version "4.0.2"
  resolved "https://registry.yarnpkg.com/typescript/-/typescript-4.0.2.tgz#7ea7c88777c723c681e33bf7988be5d008d05ac2"
  integrity sha512-e4ERvRV2wb+rRZ/IQeb3jm2VxBsirQLpQhdxplZ2MEzGvDkkMmPglecnNDfSUBivMjP93vRbngYYDQqQ/78bcQ==
